
Microsoft Visual Studio Solution File, Format Version 12.00
# Visual Studio Version 16
VisualStudioVersion = 16.0.30611.23
MinimumVisualStudioVersion = 10.0.40219.1
Project("{FAE04EC0-301F-11D3-BF4B-00C04F79EFBC}") = "LeetCode Master", "LeetCode Master\LeetCode Master.csproj", "{CCC2D649-D0B1-4BFD-B455-A3C4EA59E7FF}"
EndProject
Global
	GlobalSection(SolutionConfigurationPlatforms) = preSolution
		Debug|Any CPU = Debug|Any CPU
		Release|Any CPU = Release|Any CPU
	EndGlobalSection
	GlobalSection(ProjectConfigurationPlatforms) = postSolution
		{CCC2D649-D0B1-4BFD-B455-A3C4EA59E7FF}.Debug|Any CPU.ActiveCfg = Debug|Any CPU
		{CCC2D649-D0B1-4BFD-B455-A3C4EA59E7FF}.Debug|Any CPU.Build.0 = Debug|Any CPU
		{CCC2D649-D0B1-4BFD-B455-A3C4EA59E7FF}.Release|Any CPU.ActiveCfg = Release|Any CPU
		{CCC2D649-D0B1-4BFD-B455-A3C4EA59E7FF}.Release|Any CPU.Build.0 = Release|Any CPU
	EndGlobalSection
	GlobalSection(SolutionProperties) = preSolution
		HideSolutionNode = FALSE
	EndGlobalSection
	GlobalSection(ExtensibilityGlobals) = postSolution
		SolutionGuid = {913FA9A7-A359-468B-A7A8-77D7980F4143}
	EndGlobalSection
EndGlobal
